
Microsoft Visual Studio Solution File, Format Version 11.00
# Visual Studio 2010
Project("{8BC9CEB8-8B4A-11D0-8D11-00A0C91BC942}") = "DicomCraft", "DicomCraft\DicomCraft.vcxproj", "{3A24AB4D-FFFA-4947-AFD8-7F41AB1D89C2}"
	ProjectSection(ProjectDependencies) = postProject
		{2901A4FB-2939-41D8-9313-394846BF2689} = {2901A4FB-2939-41D8-9313-394846BF2689}
	EndProjectSection
EndProject
Project("{8BC9CEB8-8B4A-11D0-8D11-00A0C91BC942}") = "zpluginDllSubtraction", "Algorithm\DllSubtraction\DllSubtraction.vcxproj", "{A7130636-9F99-4DBB-914E-FB82CDBD5047}"
	ProjectSection(ProjectDependencies) = postProject
		{3A24AB4D-FFFA-4947-AFD8-7F41AB1D89C2} = {3A24AB4D-FFFA-4947-AFD8-7F41AB1D89C2}
		{446A266E-E041-4172-B3BF-E3A2D04E5B22} = {446A266E-E041-4172-B3BF-E3A2D04E5B22}
		{2901A4FB-2939-41D8-9313-394846BF2689} = {2901A4FB-2939-41D8-9313-394846BF2689}
	EndProjectSection
EndProject
Project("{2150E333-8FDC-42A3-9474-1A3956D46DE8}") = "Solution Items", "Solution Items", "{EC3213BA-825B-46B7-BC82-116C63051C9A}"
	ProjectSection(SolutionItems) = preProject
		itk.txt = itk.txt
		ReadMe.txt = ReadMe.txt
	EndProjectSection
EndProject
Project("{8BC9CEB8-8B4A-11D0-8D11-00A0C91BC942}") = "GUICraft", "GUICraft\GUICraft.vcxproj", "{FF5EDF56-91AE-4B35-91FD-1C21683B1ABA}"
	ProjectSection(ProjectDependencies) = postProject
		{3A24AB4D-FFFA-4947-AFD8-7F41AB1D89C2} = {3A24AB4D-FFFA-4947-AFD8-7F41AB1D89C2}
		{13E25169-3FF3-4255-9C13-4DA98570F4FD} = {13E25169-3FF3-4255-9C13-4DA98570F4FD}
		{446A266E-E041-4172-B3BF-E3A2D04E5B22} = {446A266E-E041-4172-B3BF-E3A2D04E5B22}
		{B3BDF5A1-C6F6-4199-AD53-A0EF17DEC573} = {B3BDF5A1-C6F6-4199-AD53-A0EF17DEC573}
		{D71076D1-B7CB-4A4B-A69C-0615F502F44C} = {D71076D1-B7CB-4A4B-A69C-0615F502F44C}
		{2901A4FB-2939-41D8-9313-394846BF2689} = {2901A4FB-2939-41D8-9313-394846BF2689}
	EndProjectSection
EndProject
Project("{8BC9CEB8-8B4A-11D0-8D11-00A0C91BC942}") = "TimingLost", "TimingLost\TimingLost.vcxproj", "{8E68E643-5008-471A-B7B2-C1E875C75EEB}"
	ProjectSection(ProjectDependencies) = postProject
		{75899C26-9042-4B32-B1D9-AF98D9FED590} = {75899C26-9042-4B32-B1D9-AF98D9FED590}
		{3A24AB4D-FFFA-4947-AFD8-7F41AB1D89C2} = {3A24AB4D-FFFA-4947-AFD8-7F41AB1D89C2}
		{FF5EDF56-91AE-4B35-91FD-1C21683B1ABA} = {FF5EDF56-91AE-4B35-91FD-1C21683B1ABA}
		{13E25169-3FF3-4255-9C13-4DA98570F4FD} = {13E25169-3FF3-4255-9C13-4DA98570F4FD}
		{446A266E-E041-4172-B3BF-E3A2D04E5B22} = {446A266E-E041-4172-B3BF-E3A2D04E5B22}
		{B3BDF5A1-C6F6-4199-AD53-A0EF17DEC573} = {B3BDF5A1-C6F6-4199-AD53-A0EF17DEC573}
		{D71076D1-B7CB-4A4B-A69C-0615F502F44C} = {D71076D1-B7CB-4A4B-A69C-0615F502F44C}
		{2901A4FB-2939-41D8-9313-394846BF2689} = {2901A4FB-2939-41D8-9313-394846BF2689}
		{37737FFC-21DF-4C86-94EA-C1F4778586A6} = {37737FFC-21DF-4C86-94EA-C1F4778586A6}
	EndProjectSection
EndProject
Project("{8BC9CEB8-8B4A-11D0-8D11-00A0C91BC942}") = "zpluginROISegmentation", "Algorithm\ROISegmentation\ROISegmentation.vcxproj", "{D8D5D879-1AAE-43C1-B9DD-C8D91D2D929D}"
	ProjectSection(ProjectDependencies) = postProject
		{3A24AB4D-FFFA-4947-AFD8-7F41AB1D89C2} = {3A24AB4D-FFFA-4947-AFD8-7F41AB1D89C2}
		{FF5EDF56-91AE-4B35-91FD-1C21683B1ABA} = {FF5EDF56-91AE-4B35-91FD-1C21683B1ABA}
		{446A266E-E041-4172-B3BF-E3A2D04E5B22} = {446A266E-E041-4172-B3BF-E3A2D04E5B22}
		{2901A4FB-2939-41D8-9313-394846BF2689} = {2901A4FB-2939-41D8-9313-394846BF2689}
	EndProjectSection
EndProject
Project("{8BC9CEB8-8B4A-11D0-8D11-00A0C91BC942}") = "zpluginRegionGrow", "Algorithm\RegionGrow\RegionGrow.vcxproj", "{98971920-79A1-44A3-9916-E4657E515775}"
	ProjectSection(ProjectDependencies) = postProject
		{3A24AB4D-FFFA-4947-AFD8-7F41AB1D89C2} = {3A24AB4D-FFFA-4947-AFD8-7F41AB1D89C2}
		{FF5EDF56-91AE-4B35-91FD-1C21683B1ABA} = {FF5EDF56-91AE-4B35-91FD-1C21683B1ABA}
		{446A266E-E041-4172-B3BF-E3A2D04E5B22} = {446A266E-E041-4172-B3BF-E3A2D04E5B22}
		{2901A4FB-2939-41D8-9313-394846BF2689} = {2901A4FB-2939-41D8-9313-394846BF2689}
	EndProjectSection
EndProject
Project("{8BC9CEB8-8B4A-11D0-8D11-00A0C91BC942}") = "zpluginTDCalculator", "Algorithm\TDCalculator\TDCalculator.vcxproj", "{4A6128E8-ECCC-419B-B173-3A55CE8B55C9}"
	ProjectSection(ProjectDependencies) = postProject
		{3A24AB4D-FFFA-4947-AFD8-7F41AB1D89C2} = {3A24AB4D-FFFA-4947-AFD8-7F41AB1D89C2}
		{446A266E-E041-4172-B3BF-E3A2D04E5B22} = {446A266E-E041-4172-B3BF-E3A2D04E5B22}
		{2901A4FB-2939-41D8-9313-394846BF2689} = {2901A4FB-2939-41D8-9313-394846BF2689}
	EndProjectSection
EndProject
Project("{8BC9CEB8-8B4A-11D0-8D11-00A0C91BC942}") = "zpluginRegistration", "Algorithm\Registration\Registration.vcxproj", "{F79204A0-4976-44B6-8599-4EDC3D7189B4}"
	ProjectSection(ProjectDependencies) = postProject
		{3A24AB4D-FFFA-4947-AFD8-7F41AB1D89C2} = {3A24AB4D-FFFA-4947-AFD8-7F41AB1D89C2}
		{FF5EDF56-91AE-4B35-91FD-1C21683B1ABA} = {FF5EDF56-91AE-4B35-91FD-1C21683B1ABA}
		{446A266E-E041-4172-B3BF-E3A2D04E5B22} = {446A266E-E041-4172-B3BF-E3A2D04E5B22}
		{2901A4FB-2939-41D8-9313-394846BF2689} = {2901A4FB-2939-41D8-9313-394846BF2689}
	EndProjectSection
EndProject
Project("{8BC9CEB8-8B4A-11D0-8D11-00A0C91BC942}") = "zpluginGFRCalculator", "Algorithm\GFRCalculator\GFRCalculator.vcxproj", "{25D83F98-74AE-4B2D-9DDC-9A29884F6F13}"
	ProjectSection(ProjectDependencies) = postProject
		{3A24AB4D-FFFA-4947-AFD8-7F41AB1D89C2} = {3A24AB4D-FFFA-4947-AFD8-7F41AB1D89C2}
		{FF5EDF56-91AE-4B35-91FD-1C21683B1ABA} = {FF5EDF56-91AE-4B35-91FD-1C21683B1ABA}
		{446A266E-E041-4172-B3BF-E3A2D04E5B22} = {446A266E-E041-4172-B3BF-E3A2D04E5B22}
		{2901A4FB-2939-41D8-9313-394846BF2689} = {2901A4FB-2939-41D8-9313-394846BF2689}
	EndProjectSection
EndProject
Project("{8BC9CEB8-8B4A-11D0-8D11-00A0C91BC942}") = "QrcCraft", "QrcCraft\QrcCraft.vcxproj", "{D71076D1-B7CB-4A4B-A69C-0615F502F44C}"
EndProject
Project("{8BC9CEB8-8B4A-11D0-8D11-00A0C91BC942}") = "zPluginTestRc", "Algorithm\TestRc\TestRc.vcxproj", "{3FD19C09-C6DC-4D50-8850-9A008F98F080}"
	ProjectSection(ProjectDependencies) = postProject
		{FF5EDF56-91AE-4B35-91FD-1C21683B1ABA} = {FF5EDF56-91AE-4B35-91FD-1C21683B1ABA}
		{446A266E-E041-4172-B3BF-E3A2D04E5B22} = {446A266E-E041-4172-B3BF-E3A2D04E5B22}
		{D71076D1-B7CB-4A4B-A69C-0615F502F44C} = {D71076D1-B7CB-4A4B-A69C-0615F502F44C}
	EndProjectSection
EndProject
Project("{8BC9CEB8-8B4A-11D0-8D11-00A0C91BC942}") = "VarCraft", "VarCraft\VarCraft.vcxproj", "{B3BDF5A1-C6F6-4199-AD53-A0EF17DEC573}"
	ProjectSection(ProjectDependencies) = postProject
		{3A24AB4D-FFFA-4947-AFD8-7F41AB1D89C2} = {3A24AB4D-FFFA-4947-AFD8-7F41AB1D89C2}
		{2901A4FB-2939-41D8-9313-394846BF2689} = {2901A4FB-2939-41D8-9313-394846BF2689}
	EndProjectSection
EndProject
Project("{8BC9CEB8-8B4A-11D0-8D11-00A0C91BC942}") = "BasicCraft", "BasicCraft\BasicCraft.vcxproj", "{2901A4FB-2939-41D8-9313-394846BF2689}"
EndProject
Project("{8BC9CEB8-8B4A-11D0-8D11-00A0C91BC942}") = "CoreAlgorithm", "CoreAlgorithm\CoreAlgorithm.vcxproj", "{37737FFC-21DF-4C86-94EA-C1F4778586A6}"
	ProjectSection(ProjectDependencies) = postProject
		{3A24AB4D-FFFA-4947-AFD8-7F41AB1D89C2} = {3A24AB4D-FFFA-4947-AFD8-7F41AB1D89C2}
		{FF5EDF56-91AE-4B35-91FD-1C21683B1ABA} = {FF5EDF56-91AE-4B35-91FD-1C21683B1ABA}
		{446A266E-E041-4172-B3BF-E3A2D04E5B22} = {446A266E-E041-4172-B3BF-E3A2D04E5B22}
		{B3BDF5A1-C6F6-4199-AD53-A0EF17DEC573} = {B3BDF5A1-C6F6-4199-AD53-A0EF17DEC573}
		{2901A4FB-2939-41D8-9313-394846BF2689} = {2901A4FB-2939-41D8-9313-394846BF2689}
	EndProjectSection
EndProject
Project("{8BC9CEB8-8B4A-11D0-8D11-00A0C91BC942}") = "AlgoCraft", "AlgoCraft\AlgoCraft.vcxproj", "{446A266E-E041-4172-B3BF-E3A2D04E5B22}"
	ProjectSection(ProjectDependencies) = postProject
		{3A24AB4D-FFFA-4947-AFD8-7F41AB1D89C2} = {3A24AB4D-FFFA-4947-AFD8-7F41AB1D89C2}
		{B3BDF5A1-C6F6-4199-AD53-A0EF17DEC573} = {B3BDF5A1-C6F6-4199-AD53-A0EF17DEC573}
		{2901A4FB-2939-41D8-9313-394846BF2689} = {2901A4FB-2939-41D8-9313-394846BF2689}
	EndProjectSection
EndProject
Project("{8BC9CEB8-8B4A-11D0-8D11-00A0C91BC942}") = "EditorCraft", "EditorCraft\EditorCraft.vcxproj", "{13E25169-3FF3-4255-9C13-4DA98570F4FD}"
	ProjectSection(ProjectDependencies) = postProject
		{3A24AB4D-FFFA-4947-AFD8-7F41AB1D89C2} = {3A24AB4D-FFFA-4947-AFD8-7F41AB1D89C2}
		{B3BDF5A1-C6F6-4199-AD53-A0EF17DEC573} = {B3BDF5A1-C6F6-4199-AD53-A0EF17DEC573}
		{2901A4FB-2939-41D8-9313-394846BF2689} = {2901A4FB-2939-41D8-9313-394846BF2689}
	EndProjectSection
EndProject
Project("{8BC9CEB8-8B4A-11D0-8D11-00A0C91BC942}") = "CoreEditor", "CoreEditor\CoreEditor.vcxproj", "{75899C26-9042-4B32-B1D9-AF98D9FED590}"
	ProjectSection(ProjectDependencies) = postProject
		{3A24AB4D-FFFA-4947-AFD8-7F41AB1D89C2} = {3A24AB4D-FFFA-4947-AFD8-7F41AB1D89C2}
		{FF5EDF56-91AE-4B35-91FD-1C21683B1ABA} = {FF5EDF56-91AE-4B35-91FD-1C21683B1ABA}
		{13E25169-3FF3-4255-9C13-4DA98570F4FD} = {13E25169-3FF3-4255-9C13-4DA98570F4FD}
		{446A266E-E041-4172-B3BF-E3A2D04E5B22} = {446A266E-E041-4172-B3BF-E3A2D04E5B22}
		{B3BDF5A1-C6F6-4199-AD53-A0EF17DEC573} = {B3BDF5A1-C6F6-4199-AD53-A0EF17DEC573}
		{2901A4FB-2939-41D8-9313-394846BF2689} = {2901A4FB-2939-41D8-9313-394846BF2689}
	EndProjectSection
EndProject
Project("{8BC9CEB8-8B4A-11D0-8D11-00A0C91BC942}") = "3rdPartyAlgLib", "3rdPartyAlgLib\3rdPartyAlgLib.vcxproj", "{B12BB4E9-9656-4FA4-9870-74FF6CFD4505}"
EndProject
Global
	GlobalSection(SolutionConfigurationPlatforms) = preSolution
		Debug|Win32 = Debug|Win32
		Release|Win32 = Release|Win32
	EndGlobalSection
	GlobalSection(ProjectConfigurationPlatforms) = postSolution
		{3A24AB4D-FFFA-4947-AFD8-7F41AB1D89C2}.Debug|Win32.ActiveCfg = Debug|Win32
		{3A24AB4D-FFFA-4947-AFD8-7F41AB1D89C2}.Debug|Win32.Build.0 = Debug|Win32
		{3A24AB4D-FFFA-4947-AFD8-7F41AB1D89C2}.Release|Win32.ActiveCfg = Release|Win32
		{3A24AB4D-FFFA-4947-AFD8-7F41AB1D89C2}.Release|Win32.Build.0 = Release|Win32
		{A7130636-9F99-4DBB-914E-FB82CDBD5047}.Debug|Win32.ActiveCfg = Debug|Win32
		{A7130636-9F99-4DBB-914E-FB82CDBD5047}.Debug|Win32.Build.0 = Debug|Win32
		{A7130636-9F99-4DBB-914E-FB82CDBD5047}.Release|Win32.ActiveCfg = Release|Win32
		{A7130636-9F99-4DBB-914E-FB82CDBD5047}.Release|Win32.Build.0 = Release|Win32
		{FF5EDF56-91AE-4B35-91FD-1C21683B1ABA}.Debug|Win32.ActiveCfg = Debug|Win32
		{FF5EDF56-91AE-4B35-91FD-1C21683B1ABA}.Debug|Win32.Build.0 = Debug|Win32
		{FF5EDF56-91AE-4B35-91FD-1C21683B1ABA}.Release|Win32.ActiveCfg = Release|Win32
		{FF5EDF56-91AE-4B35-91FD-1C21683B1ABA}.Release|Win32.Build.0 = Release|Win32
		{8E68E643-5008-471A-B7B2-C1E875C75EEB}.Debug|Win32.ActiveCfg = Debug|Win32
		{8E68E643-5008-471A-B7B2-C1E875C75EEB}.Debug|Win32.Build.0 = Debug|Win32
		{8E68E643-5008-471A-B7B2-C1E875C75EEB}.Release|Win32.ActiveCfg = Release|Win32
		{8E68E643-5008-471A-B7B2-C1E875C75EEB}.Release|Win32.Build.0 = Release|Win32
		{D8D5D879-1AAE-43C1-B9DD-C8D91D2D929D}.Debug|Win32.ActiveCfg = Debug|Win32
		{D8D5D879-1AAE-43C1-B9DD-C8D91D2D929D}.Debug|Win32.Build.0 = Debug|Win32
		{D8D5D879-1AAE-43C1-B9DD-C8D91D2D929D}.Release|Win32.ActiveCfg = Release|Win32
		{D8D5D879-1AAE-43C1-B9DD-C8D91D2D929D}.Release|Win32.Build.0 = Release|Win32
		{98971920-79A1-44A3-9916-E4657E515775}.Debug|Win32.ActiveCfg = Debug|Win32
		{98971920-79A1-44A3-9916-E4657E515775}.Debug|Win32.Build.0 = Debug|Win32
		{98971920-79A1-44A3-9916-E4657E515775}.Release|Win32.ActiveCfg = Release|Win32
		{98971920-79A1-44A3-9916-E4657E515775}.Release|Win32.Build.0 = Release|Win32
		{4A6128E8-ECCC-419B-B173-3A55CE8B55C9}.Debug|Win32.ActiveCfg = Debug|Win32
		{4A6128E8-ECCC-419B-B173-3A55CE8B55C9}.Debug|Win32.Build.0 = Debug|Win32
		{4A6128E8-ECCC-419B-B173-3A55CE8B55C9}.Release|Win32.ActiveCfg = Release|Win32
		{4A6128E8-ECCC-419B-B173-3A55CE8B55C9}.Release|Win32.Build.0 = Release|Win32
		{F79204A0-4976-44B6-8599-4EDC3D7189B4}.Debug|Win32.ActiveCfg = Debug|Win32
		{F79204A0-4976-44B6-8599-4EDC3D7189B4}.Debug|Win32.Build.0 = Debug|Win32
		{F79204A0-4976-44B6-8599-4EDC3D7189B4}.Release|Win32.ActiveCfg = Release|Win32
		{F79204A0-4976-44B6-8599-4EDC3D7189B4}.Release|Win32.Build.0 = Release|Win32
		{25D83F98-74AE-4B2D-9DDC-9A29884F6F13}.Debug|Win32.ActiveCfg = Debug|Win32
		{25D83F98-74AE-4B2D-9DDC-9A29884F6F13}.Debug|Win32.Build.0 = Debug|Win32
		{25D83F98-74AE-4B2D-9DDC-9A29884F6F13}.Release|Win32.ActiveCfg = Release|Win32
		{25D83F98-74AE-4B2D-9DDC-9A29884F6F13}.Release|Win32.Build.0 = Release|Win32
		{D71076D1-B7CB-4A4B-A69C-0615F502F44C}.Debug|Win32.ActiveCfg = Debug|Win32
		{D71076D1-B7CB-4A4B-A69C-0615F502F44C}.Debug|Win32.Build.0 = Debug|Win32
		{D71076D1-B7CB-4A4B-A69C-0615F502F44C}.Release|Win32.ActiveCfg = Release|Win32
		{D71076D1-B7CB-4A4B-A69C-0615F502F44C}.Release|Win32.Build.0 = Release|Win32
		{3FD19C09-C6DC-4D50-8850-9A008F98F080}.Debug|Win32.ActiveCfg = Debug|Win32
		{3FD19C09-C6DC-4D50-8850-9A008F98F080}.Debug|Win32.Build.0 = Debug|Win32
		{3FD19C09-C6DC-4D50-8850-9A008F98F080}.Release|Win32.ActiveCfg = Release|Win32
		{3FD19C09-C6DC-4D50-8850-9A008F98F080}.Release|Win32.Build.0 = Release|Win32
		{B3BDF5A1-C6F6-4199-AD53-A0EF17DEC573}.Debug|Win32.ActiveCfg = Debug|Win32
		{B3BDF5A1-C6F6-4199-AD53-A0EF17DEC573}.Debug|Win32.Build.0 = Debug|Win32
		{B3BDF5A1-C6F6-4199-AD53-A0EF17DEC573}.Release|Win32.ActiveCfg = Release|Win32
		{B3BDF5A1-C6F6-4199-AD53-A0EF17DEC573}.Release|Win32.Build.0 = Release|Win32
		{2901A4FB-2939-41D8-9313-394846BF2689}.Debug|Win32.ActiveCfg = Debug|Win32
		{2901A4FB-2939-41D8-9313-394846BF2689}.Debug|Win32.Build.0 = Debug|Win32
		{2901A4FB-2939-41D8-9313-394846BF2689}.Release|Win32.ActiveCfg = Release|Win32
		{2901A4FB-2939-41D8-9313-394846BF2689}.Release|Win32.Build.0 = Release|Win32
		{37737FFC-21DF-4C86-94EA-C1F4778586A6}.Debug|Win32.ActiveCfg = Debug|Win32
		{37737FFC-21DF-4C86-94EA-C1F4778586A6}.Debug|Win32.Build.0 = Debug|Win32
		{37737FFC-21DF-4C86-94EA-C1F4778586A6}.Release|Win32.ActiveCfg = Release|Win32
		{37737FFC-21DF-4C86-94EA-C1F4778586A6}.Release|Win32.Build.0 = Release|Win32
		{446A266E-E041-4172-B3BF-E3A2D04E5B22}.Debug|Win32.ActiveCfg = Debug|Win32
		{446A266E-E041-4172-B3BF-E3A2D04E5B22}.Debug|Win32.Build.0 = Debug|Win32
		{446A266E-E041-4172-B3BF-E3A2D04E5B22}.Release|Win32.ActiveCfg = Release|Win32
		{446A266E-E041-4172-B3BF-E3A2D04E5B22}.Release|Win32.Build.0 = Release|Win32
		{13E25169-3FF3-4255-9C13-4DA98570F4FD}.Debug|Win32.ActiveCfg = Debug|Win32
		{13E25169-3FF3-4255-9C13-4DA98570F4FD}.Debug|Win32.Build.0 = Debug|Win32
		{13E25169-3FF3-4255-9C13-4DA98570F4FD}.Release|Win32.ActiveCfg = Release|Win32
		{13E25169-3FF3-4255-9C13-4DA98570F4FD}.Release|Win32.Build.0 = Release|Win32
		{75899C26-9042-4B32-B1D9-AF98D9FED590}.Debug|Win32.ActiveCfg = Debug|Win32
		{75899C26-9042-4B32-B1D9-AF98D9FED590}.Debug|Win32.Build.0 = Debug|Win32
		{75899C26-9042-4B32-B1D9-AF98D9FED590}.Release|Win32.ActiveCfg = Release|Win32
		{75899C26-9042-4B32-B1D9-AF98D9FED590}.Release|Win32.Build.0 = Release|Win32
		{B12BB4E9-9656-4FA4-9870-74FF6CFD4505}.Debug|Win32.ActiveCfg = Debug|Win32
		{B12BB4E9-9656-4FA4-9870-74FF6CFD4505}.Debug|Win32.Build.0 = Debug|Win32
		{B12BB4E9-9656-4FA4-9870-74FF6CFD4505}.Release|Win32.ActiveCfg = Release|Win32
		{B12BB4E9-9656-4FA4-9870-74FF6CFD4505}.Release|Win32.Build.0 = Release|Win32
	EndGlobalSection
	GlobalSection(SolutionProperties) = preSolution
		HideSolutionNode = FALSE
	EndGlobalSection
	GlobalSection(ExtensibilityGlobals) = postSolution
		QtVersion = 4.8.1
	EndGlobalSection
EndGlobal
