<?xml version="1.0" encoding="utf-8"?>
<Project ToolsVersion="4.0" xmlns="http://schemas.microsoft.com/developer/msbuild/2003">
  <ItemGroup>
    <Filter Include="src">
      <UniqueIdentifier>{93995380-89BD-4b04-88EB-625FBE52EBFB}</UniqueIdentifier>
      <Extensions>h;hpp;hxx;hm;inl;inc;xsd</Extensions>
    </Filter>
    <Filter Include="Generated Files">
      <UniqueIdentifier>{71ED8ED8-ACB9-4CE9-BBE1-E00B30144E11}</UniqueIdentifier>
      <Extensions>moc;h;cpp</Extensions>
      <ParseFiles>true</ParseFiles>
    </Filter>
    <Filter Include="Generated Files\Debug">
      <UniqueIdentifier>{5314e52d-c7d2-42e9-ba45-8c68e295809d}</UniqueIdentifier>
      <Extensions>cpp;moc</Extensions>
      <SourceControlFiles>False</SourceControlFiles>
    </Filter>
    <Filter Include="Generated Files\Release">
      <UniqueIdentifier>{006b99b5-340a-45db-bc98-6c6d1cd2b629}</UniqueIdentifier>
      <Extensions>cpp;moc</Extensions>
      <SourceControlFiles>False</SourceControlFiles>
    </Filter>
  </ItemGroup>
  <ItemGroup>
    <ClInclude Include="headers\amyAlgorithm.h">
      <Filter>src</Filter>
    </ClInclude>
    <ClInclude Include="headers\amyAlgorithmBridge.h">
      <Filter>src</Filter>
    </ClInclude>
    <ClInclude Include="headers\amyAlgorithmStack.h">
      <Filter>src</Filter>
    </ClInclude>
    <ClInclude Include="headers\AlgoMacro.h">
      <Filter>src</Filter>
    </ClInclude>
  </ItemGroup>
  <ItemGroup>
    <ClCompile Include="cpp\amyAlgorithm.cpp">
      <Filter>src</Filter>
    </ClCompile>
    <ClCompile Include="cpp\amyAlgorithmBridge.cpp">
      <Filter>src</Filter>
    </ClCompile>
    <ClCompile Include="cpp\amyAlgorithmStack.cpp">
      <Filter>src</Filter>
    </ClCompile>
    <ClCompile Include="cpp\amyAlgorithmPanel.cpp">
      <Filter>src</Filter>
    </ClCompile>
    <ClCompile Include="GeneratedFiles\Debug\moc_amyAlgorithmPanel.cpp">
      <Filter>Generated Files\Debug</Filter>
    </ClCompile>
    <ClCompile Include="GeneratedFiles\Release\moc_amyAlgorithmPanel.cpp">
      <Filter>Generated Files\Release</Filter>
    </ClCompile>
    <ClCompile Include="cpp\amyAlgorithmRunner.cpp">
      <Filter>src</Filter>
    </ClCompile>
    <ClCompile Include="GeneratedFiles\Debug\moc_amyAlgorithmRunner.cpp">
      <Filter>Generated Files\Debug</Filter>
    </ClCompile>
    <ClCompile Include="GeneratedFiles\Release\moc_amyAlgorithmRunner.cpp">
      <Filter>Generated Files\Release</Filter>
    </ClCompile>
    <ClCompile Include="cpp\amyAlgorithmMessager.cpp">
      <Filter>src</Filter>
    </ClCompile>
  </ItemGroup>
  <ItemGroup>
    <CustomBuild Include="headers\amyAlgorithmPanel.h">
      <Filter>src</Filter>
    </CustomBuild>
    <CustomBuild Include="headers\amyAlgorithmRunner.h">
      <Filter>src</Filter>
    </CustomBuild>
    <CustomBuild Include="headers\amyAlgorithmMessager.h">
      <Filter>src</Filter>
    </CustomBuild>
  </ItemGroup>
</Project>