<?xml version="1.0" encoding="utf-8"?>
<Project ToolsVersion="4.0" xmlns="http://schemas.microsoft.com/developer/msbuild/2003">
  <ItemGroup>
    <Filter Include="Source Files">
      <UniqueIdentifier>{4FC737F1-C7A5-4376-A066-2A32D752A2FF}</UniqueIdentifier>
      <Extensions>cpp;cxx;c;def</Extensions>
    </Filter>
    <Filter Include="Resource Files">
      <UniqueIdentifier>{D9D6E242-F8AF-46E4-B9FD-80ECBC20BA3E}</UniqueIdentifier>
      <Extensions>qrc;*</Extensions>
      <ParseFiles>false</ParseFiles>
    </Filter>
    <Filter Include="Generated Files">
      <UniqueIdentifier>{71ED8ED8-ACB9-4CE9-BBE1-E00B30144E11}</UniqueIdentifier>
      <Extensions>moc;h;cpp</Extensions>
      <SourceControlFiles>False</SourceControlFiles>
    </Filter>
    <Filter Include="Generated Files\Debug">
      <UniqueIdentifier>{8fc61d21-bc8f-47c6-ba23-826e382dbf3b}</UniqueIdentifier>
      <Extensions>cpp;moc</Extensions>
      <SourceControlFiles>False</SourceControlFiles>
    </Filter>
    <Filter Include="Generated Files\Release">
      <UniqueIdentifier>{1918f190-22eb-4e49-a510-9c508816b172}</UniqueIdentifier>
      <Extensions>cpp;moc</Extensions>
      <SourceControlFiles>False</SourceControlFiles>
    </Filter>
  </ItemGroup>
  <ItemGroup>
    <ClCompile Include="gfrcalculator.cpp">
      <Filter>Source Files</Filter>
    </ClCompile>
    <ClCompile Include="KidRegress.cpp">
      <Filter>Source Files</Filter>
    </ClCompile>
    <ClCompile Include="CurveSmooth.cpp">
      <Filter>Source Files</Filter>
    </ClCompile>
    <ClCompile Include="MultiCurveWidget.cpp">
      <Filter>Source Files</Filter>
    </ClCompile>
    <ClCompile Include="CorrelationFilter.cpp">
      <Filter>Source Files</Filter>
    </ClCompile>
    <ClCompile Include="GFRPanel.cpp">
      <Filter>Source Files</Filter>
    </ClCompile>
    <ClCompile Include="GeneratedFiles\Debug\moc_GFRPanel.cpp">
      <Filter>Generated Files\Debug</Filter>
    </ClCompile>
    <ClCompile Include="GeneratedFiles\Release\moc_GFRPanel.cpp">
      <Filter>Generated Files\Release</Filter>
    </ClCompile>
    <ClCompile Include="GeneratedFiles\qrc_Gfr.cpp">
      <Filter>Generated Files</Filter>
    </ClCompile>
    <ClCompile Include="YAxisDensityCurve.cpp">
      <Filter>Source Files</Filter>
    </ClCompile>
    <ClCompile Include="PeakImage.cpp">
      <Filter>Source Files</Filter>
    </ClCompile>
    <ClCompile Include="GFRPlot.cpp">
      <Filter>Source Files</Filter>
    </ClCompile>
    <ClCompile Include="VarPlot.cpp">
      <Filter>Source Files</Filter>
    </ClCompile>
    <ClCompile Include="MaskHistogram.cpp">
      <Filter>Source Files</Filter>
    </ClCompile>
    <ClCompile Include="DiffImage.cpp">
      <Filter>Source Files</Filter>
    </ClCompile>
    <ClCompile Include="KMeansImage.cpp">
      <Filter>Source Files</Filter>
    </ClCompile>
  </ItemGroup>
  <ItemGroup>
    <CustomBuild Include="gfrcalculator.h">
      <Filter>Source Files</Filter>
    </CustomBuild>
    <CustomBuild Include="MultiCurveWidget.h">
      <Filter>Source Files</Filter>
    </CustomBuild>
    <CustomBuild Include="GFRPanel.h">
      <Filter>Source Files</Filter>
    </CustomBuild>
    <CustomBuild Include="Gfr.qrc">
      <Filter>Resource Files</Filter>
    </CustomBuild>
  </ItemGroup>
  <ItemGroup>
    <ClInclude Include="KidRegress.h">
      <Filter>Source Files</Filter>
    </ClInclude>
    <ClInclude Include="CurveSmooth.h">
      <Filter>Source Files</Filter>
    </ClInclude>
    <ClInclude Include="CorrelationFilter.h">
      <Filter>Source Files</Filter>
    </ClInclude>
    <ClInclude Include="YAxisDensityCurve.h">
      <Filter>Source Files</Filter>
    </ClInclude>
    <ClInclude Include="PeakImage.h">
      <Filter>Source Files</Filter>
    </ClInclude>
    <ClInclude Include="GFRPlot.h">
      <Filter>Source Files</Filter>
    </ClInclude>
    <ClInclude Include="VarPlot.h">
      <Filter>Source Files</Filter>
    </ClInclude>
    <ClInclude Include="MaskHistogram.h">
      <Filter>Source Files</Filter>
    </ClInclude>
    <ClInclude Include="DiffImage.h">
      <Filter>Source Files</Filter>
    </ClInclude>
    <ClInclude Include="KMeansImage.h">
      <Filter>Source Files</Filter>
    </ClInclude>
  </ItemGroup>
</Project>